version: 7
platforms:
- name: win-64
environments:
  default:
    channels:
    - url: https://conda.anaconda.org/conda-forge/
    indexes:
    - https://pypi.org/simple
    packages:
      win-64:
      - conda: https://conda.anaconda.org/conda-forge/noarch/_python_abi3_support-1.0-hd8ed1ab_3.conda
      - conda: https://conda.anaconda.org/conda-forge/noarch/annotated-doc-0.0.5-pyhcf101f3_0.conda
      - conda: https://conda.anaconda.org/conda-forge/noarch/anyio-4.15.1-pyh5ded981_1.conda
      - conda: https://conda.anaconda.org/conda-forge/noarch/ca-certificates-2026.7.22-h4c7d964_0.conda
      - conda: https://conda.anaconda.org/conda-forge/noarch/certifi-2026.7.22-pyhd8ed1ab_0.conda
      - conda: https://conda.anaconda.org/conda-forge/noarch/click-8.5.0-pyh5ded981_0.conda
      - conda: https://conda.anaconda.org/conda-forge/noarch/colorama-0.4.6-pyhd8ed1ab_1.conda
      - conda: https://conda.anaconda.org/conda-forge/noarch/cpython-3.13.15-py313hd8ed1ab_103.conda
      - conda: https://conda.anaconda.org/conda-forge/noarch/filelock-4.0.10-pyhd8ed1ab_0.conda
      - conda: https://conda.anaconda.org/conda-forge/noarch/fsspec-2026.9.0-pyhd8ed1ab_0.conda
      - conda: https://conda.anaconda.org/conda-forge/noarch/h11-0.16.0-pyhcf101f3_1.conda
      - conda: https://conda.anaconda.org/conda-forge/noarch/h2-4.4.1-pyhcf101f3_0.conda
      - conda: https://conda.anaconda.org/conda-forge/noarch/hpack-4.2.0-pyhd8ed1ab_0.conda
      - conda: https://conda.anaconda.org/conda-forge/noarch/httpcore-1.0.9-pyh29332c3_0.conda
      - conda: https://conda.anaconda.org/conda-forge/noarch/httpx-0.28.1-pyhd8ed1ab_0.conda
      - conda: https://conda.anaconda.org/conda-forge/noarch/huggingface_hub-1.32.0-pyh5ded981_0.conda
      - conda: https://conda.anaconda.org/conda-forge/noarch/hyperframe-6.1.0-pyhd8ed1ab_0.conda
      - conda: https://conda.anaconda.org/conda-forge/noarch/idna-3.20-pyh5ded981_0.conda
      - conda: https://conda.anaconda.org/conda-forge/noarch/markdown-it-py-4.2.0-pyhd8ed1ab_0.conda
      - conda: https://conda.anaconda.org/conda-forge/noarch/mdurl-0.1.2-pyhd8ed1ab_1.conda
      - conda: https://conda.anaconda.org/conda-forge/noarch/packaging-26.3-pyhc364b38_0.conda
      - conda: https://conda.anaconda.org/conda-forge/noarch/pixi-pycharm-0.0.12-win_hba80fca_0.conda
      - conda: https://conda.anaconda.org/conda-forge/noarch/pygments-2.21.0-pyhcf101f3_0.conda
      - conda: https://conda.anaconda.org/conda-forge/noarch/python-gil-3.13.15-h4df99d1_103.conda
      - conda: https://conda.anaconda.org/conda-forge/noarch/python_abi-3.13-9_cp313.conda
      - conda: https://conda.anaconda.org/conda-forge/noarch/rich-15.0.0-pyhcf101f3_0.conda
      - conda: https://conda.anaconda.org/conda-forge/noarch/shellingham-1.5.4-pyhd8ed1ab_2.conda
      - conda: https://conda.anaconda.org/conda-forge/noarch/sniffio-1.3.1-pyhd8ed1ab_2.conda
      - conda: https://conda.anaconda.org/conda-forge/noarch/tqdm-4.70.1-pyh6be1c34_0.conda
      - conda: https://conda.anaconda.org/conda-forge/noarch/transformers-5.18.0-pyh5ded981_0.conda
      - conda: https://conda.anaconda.org/conda-forge/noarch/typer-0.27.2-pyhcf101f3_0.conda
      - conda: https://conda.anaconda.org/conda-forge/noarch/typing_extensions-4.16.0-pyhcf101f3_0.conda
      - conda: https://conda.anaconda.org/conda-forge/noarch/tzdata-2026c-h151e31d_0.conda
      - conda: https://conda.anaconda.org/conda-forge/win-64/bzip2-1.0.8-h0ad9c76_10.conda
      - conda: https://conda.anaconda.org/conda-forge/win-64/hf-xet-1.5.2-py310hfb9af98_2.conda
      - conda: https://conda.anaconda.org/conda-forge/win-64/icu-78.3-h5112557_2.conda
      - conda: https://conda.anaconda.org/conda-forge/win-64/libblas-3.11.0-11_h8455456_mkl.conda
      - conda: https://conda.anaconda.org/conda-forge/win-64/libcblas-3.11.0-11_h2a3cdd5_mkl.conda
      - conda: https://conda.anaconda.org/conda-forge/win-64/libexpat-2.8.5-hac47afa_0.conda
      - conda: https://conda.anaconda.org/conda-forge/win-64/libffi-3.7.0-h3d046cb_1.conda
      - conda: https://conda.anaconda.org/conda-forge/win-64/libhwloc-2.15.0-default_hae90fe0_1001.conda
      - conda: https://conda.anaconda.org/conda-forge/win-64/libiconv-1.18-hc1393d2_3.conda
      - conda: https://conda.anaconda.org/conda-forge/win-64/liblapack-3.11.0-11_hf9ab0e9_mkl.conda
      - conda: https://conda.anaconda.org/conda-forge/win-64/liblzma-5.8.3-hfd05255_1.conda
      - conda: https://conda.anaconda.org/conda-forge/win-64/libmpdec-4.0.0-hfd05255_2.conda
      - conda: https://conda.anaconda.org/conda-forge/win-64/libpython-3.13.15-h4f90d01_103_cp313.conda
      - conda: https://conda.anaconda.org/conda-forge/win-64/libsqlite-3.53.4-hf5d6505_1.conda
      - conda: https://conda.anaconda.org/conda-forge/win-64/libwinpthread-12.0.0.r4.gg4f2fc60ca-h57928b3_10.conda
      - conda: https://conda.anaconda.org/conda-forge/win-64/libxml2-16-2.15.4-h3cfd58e_0.conda
      - conda: https://conda.anaconda.org/conda-forge/win-64/libxml2-2.15.4-he095d88_0.conda
      - conda: https://conda.anaconda.org/conda-forge/win-64/libzlib-1.3.2-hfd05255_3.conda
      - conda: https://conda.anaconda.org/conda-forge/win-64/llvm-openmp-23.1.2-h49e36cd_0.conda
      - conda: https://conda.anaconda.org/conda-forge/win-64/mkl-2026.1.0-hac47afa_235.conda
      - conda: https://conda.anaconda.org/conda-forge/win-64/numpy-2.5.3-py313ha8dc839_0.conda
      - conda: https://conda.anaconda.org/conda-forge/win-64/openssl-3.6.4-hf411b9b_0.conda
      - conda: https://conda.anaconda.org/conda-forge/win-64/pyrefly-1.3.2-h18a1a76_0.conda
      - conda: https://conda.anaconda.org/conda-forge/win-64/python-3.13.15-h254dcb4_103_cp313.conda
      - conda: https://conda.anaconda.org/conda-forge/win-64/pyyaml-6.0.3-py313hd650c13_1.conda
      - conda: https://conda.anaconda.org/conda-forge/win-64/regex-2026.9.29-py313h5ea7bf4_0.conda
      - conda: https://conda.anaconda.org/conda-forge/win-64/ruff-0.16.10-h808fad9_0.conda
      - conda: https://conda.anaconda.org/conda-forge/win-64/safetensors-0.8.0-py313hfbe8231_1.conda
      - conda: https://conda.anaconda.org/conda-forge/win-64/tbb-2023.1.0-h272cf33_2.conda
      - conda: https://conda.anaconda.org/conda-forge/win-64/tk-8.6.13-h967ab96_4.conda
      - conda: https://conda.anaconda.org/conda-forge/win-64/tokenizers-0.23.1-py313h034fbed_0.conda
      - conda: https://conda.anaconda.org/conda-forge/win-64/ucrt-10.0.26100.0-h57928b3_0.conda
      - conda: https://conda.anaconda.org/conda-forge/win-64/vc-14.5-ha367084_41.conda
      - conda: https://conda.anaconda.org/conda-forge/win-64/vc14_runtime-14.51.36247-habf1de7_41.conda
      - conda: https://conda.anaconda.org/conda-forge/win-64/vcomp14-14.51.36247-habf1de7_41.conda
      - conda: https://conda.anaconda.org/conda-forge/win-64/yaml-0.2.5-h6a83c73_3.conda
      - pypi: .
      - pypi: https://download-r2.pytorch.org/whl/cu126/torch-2.14.1%2Bcu126-cp313-cp313-win_amd64.whl
      - pypi: https://files.pythonhosted.org/packages/05/73/c4abe620b841b6b791f2edc248f556900667a5a1cf023a6646967ae98335/markupsafe-3.0.3-cp313-cp313-win_amd64.whl
      - pypi: https://files.pythonhosted.org/packages/43/e3/7d92a15f894aa0c9c4b49b8ee9ac9850d6e63b03c9c32c0367a13ae62209/mpmath-1.3.0-py3-none-any.whl
      - pypi: https://files.pythonhosted.org/packages/62/a1/3d680cbfd5f4b8f15abc1d571870c5fc3e594bb582bc3b64ea099db13e56/jinja2-3.1.6-py3-none-any.whl
      - pypi: https://files.pythonhosted.org/packages/7e/cd/fe58041e9011f307c490e3e17dd48cc516448f7c698a3f2d9d9d65d7e6a8/networkx-3.7-py3-none-any.whl
      - pypi: https://files.pythonhosted.org/packages/95/9c/c510029fc6ef33a6275cd2c5d3cecd6613dfd6aa401d57c54f1c18852ccf/setuptools-84.0.0-py3-none-any.whl
      - pypi: https://files.pythonhosted.org/packages/a2/09/77d55d46fd61b4a135c444fc97158ef34a095e5681d0a6c10b75bf356191/sympy-1.14.0-py3-none-any.whl
packages:
- conda: https://conda.anaconda.org/conda-forge/noarch/_python_abi3_support-1.0-hd8ed1ab_3.conda
  sha256: 2a7204314663eeda5dec482a956f0e2eaf289bd5b9953eaaaad0e81aa64638f2
  md5: 3845f3d75991bae0fb90884662f4327c
  depends:
  - cpython
  - python-gil
  license: MIT
  license_family: MIT
  purls: []
  run_exports: {}
  size: 8144
  timestamp: 1784221492234
- conda: https://conda.anaconda.org/conda-forge/noarch/annotated-doc-0.0.5-pyhcf101f3_0.conda
  sha256: a0a320c709fded9b5178108dedebf81a1f5a5d9c7720e3af50c1ab058dadd296
  md5: d68ec17cb915cab4642357417ec0a104
  depends:
  - python >=3.10
  - python
  license: MIT
  license_family: MIT
  purls:
  - pkg:pypi/annotated-doc?source=hash-mapping
  run_exports: {}
  size: 16785
  timestamp: 1785335690199
- conda: https://conda.anaconda.org/conda-forge/noarch/anyio-4.15.1-pyh5ded981_1.conda
  sha256: fc25a84c9c1ad4b48c136ad2363100e8b0faa3b0ab8985e61c9c8fa0b3431945
  md5: 33cdc5ba7c481b371f08f88e6c048c55
  depends:
  - idna >=2.8
  - python >=3.11
  - typing_extensions >=4.16.0
  - python
  constrains:
  - trio >=0.32.0
  - uvloop >=0.22.1
  - winloop >=0.2.3
  license: MIT
  license_family: MIT
  purls:
  - pkg:pypi/anyio?source=compressed-mapping
  run_exports: {}
  size: 175600
  timestamp: 1788612816954
- conda: https://conda.anaconda.org/conda-forge/noarch/ca-certificates-2026.7.22-h4c7d964_0.conda
  sha256: 95e8e74062a5fe5f870ac8c90302b6e89945165fdaed7810606e84ddee6aac12
  md5: e27d2ac27b096dc51fedfcf775a53f9b
  depends:
  - __win
  license: ISC
  purls: []
  run_exports: {}
  size: 132136
  timestamp: 1784754918886
- conda: https://conda.anaconda.org/conda-forge/noarch/certifi-2026.7.22-pyhd8ed1ab_0.conda
  sha256: fb167de4388e64e52aa3907ed099afab944c1fa6e5f74b281a312dae1bcf7f3b
  md5: 37e13edbe3b48f1095a9d085ef9cd83b
  depends:
  - python >=3.10
  license: ISC
  purls:
  - pkg:pypi/certifi?source=hash-mapping
  run_exports: {}
  size: 137015
  timestamp: 1784717699092
- conda: https://conda.anaconda.org/conda-forge/noarch/click-8.5.0-pyh5ded981_0.conda
  sha256: 9afb0c2c089330321a219c7ee5a25313bd574d4024be606cbb33e7a5735df662
  md5: dea5b13a211bbf99876deb980b408a66
  depends:
  - python >=3.11
  - python
  license: BSD-3-Clause
  license_family: BSD
  purls:
  - pkg:pypi/click?source=compressed-mapping
  run_exports: {}
  size: 112341
  timestamp: 1788802215348
- conda: https://conda.anaconda.org/conda-forge/noarch/colorama-0.4.6-pyhd8ed1ab_1.conda
  sha256: ab29d57dc70786c1269633ba3dff20288b81664d3ff8d21af995742e2bb03287
  md5: 962b9857ee8e7018c22f2776ffa0b2d7
  depends:
  - python >=3.9
  license: BSD-3-Clause
  license_family: BSD
  purls:
  - pkg:pypi/colorama?source=hash-mapping
  run_exports: {}
  size: 27011
  timestamp: 1733218222191
- conda: https://conda.anaconda.org/conda-forge/noarch/cpython-3.13.15-py313hd8ed1ab_103.conda
  noarch: generic
  sha256: c46fe2993a44cfa59e2d7673d77ce29c5bbc72b73e2597d58536eff7c196e57c
  md5: 23f5019df9a1d2287cb99af4c81ca8d2
  depends:
  - python >=3.13,<3.14.0a0
  - python_abi * *_cp313
  license: Python-2.0
  purls: []
  run_exports: {}
  size: 49553
  timestamp: 1788386188585
- conda: https://conda.anaconda.org/conda-forge/noarch/filelock-4.0.10-pyhd8ed1ab_0.conda
  sha256: 16a56349ed12514402b8f49cc56755e58eb5057601301e7a7873d668ef5bf14e
  md5: 7384d38121f2a98e68eb8b40cbb6e496
  depends:
  - python >=3.11
  license: MIT
  purls:
  - pkg:pypi/filelock?source=compressed-mapping
  run_exports: {}
  size: 85841
  timestamp: 1791074544287
- conda: https://conda.anaconda.org/conda-forge/noarch/fsspec-2026.9.0-pyhd8ed1ab_0.conda
  sha256: 7d17272012e7479ba58f8a72b522d3e88e6837a04a111a278ff417aa82364255
  md5: 42de5cd170647599a84f468a42fabb89
  depends:
  - python >=3.11
  license: BSD-3-Clause
  license_family: BSD
  purls:
  - pkg:pypi/fsspec?source=compressed-mapping
  run_exports: {}
  size: 163722
  timestamp: 1790256848815
- conda: https://conda.anaconda.org/conda-forge/noarch/h11-0.16.0-pyhcf101f3_1.conda
  sha256: 96cac6573fd35ae151f4d6979bab6fbc90cb6b1fb99054ba19eb075da9822fcb
  md5: b8993c19b0c32a2f7b66cbb58ca27069
  depends:
  - python >=3.10
  - typing_extensions
  - python
  license: MIT
  license_family: MIT
  purls:
  - pkg:pypi/h11?source=hash-mapping
  run_exports: {}
  size: 39069
  timestamp: 1767729720872
- conda: https://conda.anaconda.org/conda-forge/noarch/h2-4.4.1-pyhcf101f3_0.conda
  sha256: 307dd6ec90140c3cf4171071b0e5e870abec314f4565c1edd5bc433e942cdcc0
  md5: e652ac7756069c456d0da2a922cd7df5
  depends:
  - python >=3.10
  - hyperframe >=6.1,<7
  - hpack >=4.2,<5
  - python
  license: MIT
  license_family: MIT
  purls:
  - pkg:pypi/h2?source=hash-mapping
  run_exports: {}
  size: 100789
  timestamp: 1785796355216
- conda: https://conda.anaconda.org/conda-forge/noarch/hpack-4.2.0-pyhd8ed1ab_0.conda
  sha256: fdcea5d7cb314485d3907192ef024c704311548c5b0cbeb390cd1951051e29d2
  md5: b395909221b9bd1df066e5930e18855b
  depends:
  - python >=3.10
  license: MIT
  license_family: MIT
  purls:
  - pkg:pypi/hpack?source=hash-mapping
  run_exports: {}
  size: 32884
  timestamp: 1782283986153
- conda: https://conda.anaconda.org/conda-forge/noarch/httpcore-1.0.9-pyh29332c3_0.conda
  sha256: 04d49cb3c42714ce533a8553986e1642d0549a05dc5cc48e0d43ff5be6679a5b
  md5: 4f14640d58e2cc0aa0819d9d8ba125bb
  depends:
  - python >=3.9
  - h11 >=0.16
  - h2 >=3,<5
  - sniffio 1.*
  - anyio >=4.0,<5.0
  - certifi
  - python
  license: BSD-3-Clause
  license_family: BSD
  purls:
  - pkg:pypi/httpcore?source=hash-mapping
  run_exports: {}
  size: 49483
  timestamp: 1745602916758
- conda: https://conda.anaconda.org/conda-forge/noarch/httpx-0.28.1-pyhd8ed1ab_0.conda
  sha256: cd0f1de3697b252df95f98383e9edb1d00386bfdd03fdf607fa42fe5fcb09950
  md5: d6989ead454181f4f9bc987d3dc4e285
  depends:
  - anyio
  - certifi
  - httpcore 1.*
  - idna
  - python >=3.9
  license: BSD-3-Clause
  license_family: BSD
  purls:
  - pkg:pypi/httpx?source=hash-mapping
  run_exports: {}
  size: 63082
  timestamp: 1733663449209
- conda: https://conda.anaconda.org/conda-forge/noarch/huggingface_hub-1.32.0-pyh5ded981_0.conda
  sha256: 50bbc9c30dda11f2f009d066b7b0e4bd6520e9682ec1d06f2fbab505b944bd10
  md5: cc5241f1e0c5948c1b6828239de647d9
  depends:
  - python >=3.11
  - click >=8.4.2,<9.0.0
  - filelock >=3.10.0
  - fsspec >=2023.5.0
  - hf-xet >=1.5.2,<2.0.0
  - httpx >=0.23.0,<1
  - packaging >=20.9
  - pyyaml >=5.1
  - tqdm >=4.42.1
  - typing_extensions >=4.1.0
  - python
  license: Apache-2.0
  license_family: APACHE
  purls:
  - pkg:pypi/huggingface-hub?source=compressed-mapping
  run_exports: {}
  size: 580471
  timestamp: 1789926993861
- conda: https://conda.anaconda.org/conda-forge/noarch/hyperframe-6.1.0-pyhd8ed1ab_0.conda
  sha256: 77af6f5fe8b62ca07d09ac60127a30d9069fdc3c68d6b256754d0ffb1f7779f8
  md5: 8e6923fc12f1fe8f8c4e5c9f343256ac
  depends:
  - python >=3.9
  license: MIT
  license_family: MIT
  purls:
  - pkg:pypi/hyperframe?source=hash-mapping
  run_exports: {}
  size: 17397
  timestamp: 1737618427549
- conda: https://conda.anaconda.org/conda-forge/noarch/idna-3.20-pyh5ded981_0.conda
  sha256: e044b1ec829e2e24f971fa3f3408eb26f1db836e521a58f08b0fd9a03fee47be
  md5: ee73be987f9de9ea5c2fdaeefa7b6491
  depends:
  - python >=3.11
  - python
  license: BSD-3-Clause
  license_family: BSD
  purls:
  - pkg:pypi/idna?source=compressed-mapping
  run_exports: {}
  size: 178572
  timestamp: 1790020377150
- conda: https://conda.anaconda.org/conda-forge/noarch/markdown-it-py-4.2.0-pyhd8ed1ab_0.conda
  sha256: 0c4c35376fe920714390d46e4b8d31c876d65f18e1655899e0763ec25f2a902f
  md5: 6d03368f2b2b0a5fb6839df53b2eb5e0
  depends:
  - mdurl >=0.1,<1
  - python >=3.10
  license: MIT
  license_family: MIT
  purls:
  - pkg:pypi/markdown-it-py?source=hash-mapping
  run_exports: {}
  size: 69017
  timestamp: 1778169663339
- conda: https://conda.anaconda.org/conda-forge/noarch/mdurl-0.1.2-pyhd8ed1ab_1.conda
  sha256: 78c1bbe1723449c52b7a9df1af2ee5f005209f67e40b6e1d3c7619127c43b1c7
  md5: 592132998493b3ff25fd7479396e8351
  depends:
  - python >=3.9
  license: MIT
  license_family: MIT
  purls:
  - pkg:pypi/mdurl?source=hash-mapping
  run_exports: {}
  size: 14465
  timestamp: 1733255681319
- conda: https://conda.anaconda.org/conda-forge/noarch/packaging-26.3-pyhc364b38_0.conda
  sha256: c432626b16768b8dab228bfb706f7060c2d462a21c516d240f68f2f902b5a044
  md5: 936687ed80f295a1f5dbcf8bd34c252c
  depends:
  - python >=3.9
  - python
  license: Apache-2.0
  license_family: APACHE
  purls:
  - pkg:pypi/packaging?source=hash-mapping
  run_exports: {}
  size: 116363
  timestamp: 1785888127370
- conda: https://conda.anaconda.org/conda-forge/noarch/pixi-pycharm-0.0.12-win_hba80fca_0.conda
  sha256: 534ded667c2d914f0c5fc0af98837121f66dec5c57c192e338e210381e9c5c0d
  md5: 9173b283fc573d5e4e7e7071456a0d29
  depends:
  - __win
  - python >=3.8
  license: BSD-3-Clause
  license_family: BSD
  purls: []
  run_exports: {}
  size: 7188
  timestamp: 1783850402995
- conda: https://conda.anaconda.org/conda-forge/noarch/pygments-2.21.0-pyhcf101f3_0.conda
  sha256: f5f015ff1bc3e1b7fc08eee096b1865234189ae0b82bebdb86a5369116e42fa0
  md5: 2882dee445dfa45b0c5afce3ffb7730a
  depends:
  - python >=3.10
  - python
  license: BSD-2-Clause
  license_family: BSD
  purls:
  - pkg:pypi/pygments?source=compressed-mapping
  run_exports: {}
  size: 959376
  timestamp: 1786995678795
- conda: https://conda.anaconda.org/conda-forge/noarch/python-gil-3.13.15-h4df99d1_103.conda
  sha256: ce01f8f3c9fde229b26e0d37b85e1566bb32fcf26750af95d6313b4a369775c3
  md5: 86d251460e192368d2982e5b0dcad798
  depends:
  - cpython 3.13.15.*
  - python_abi * *_cp313
  license: Python-2.0
  purls: []
  run_exports: {}
  size: 49529
  timestamp: 1788386202638
- conda: https://conda.anaconda.org/conda-forge/noarch/python_abi-3.13-9_cp313.conda
  build_number: 9
  sha256: 9dc0cb6a20ebc7e9bcd8c6868f2bec083c114b0ba20b7118405c036533d5c522
  md5: c5abc97af551bc12d71305852392f75c
  constrains:
  - python 3.13.* *_cp313
  license: BSD-3-Clause
  license_family: BSD
  purls: []
  run_exports: {}
  size: 6769
  timestamp: 1788302828005
- conda: https://conda.anaconda.org/conda-forge/noarch/rich-15.0.0-pyhcf101f3_0.conda
  sha256: 3d6ba2c0fcdac3196ba2f0615b4104e532525ffa1335b50a2878be5ff488814a
  md5: 0242025a3c804966bf71aa04eee82f66
  depends:
  - markdown-it-py >=2.2.0
  - pygments >=2.13.0,<3.0.0
  - python >=3.10
  - typing_extensions >=4.0.0,<5.0.0
  - python
  license: MIT
  license_family: MIT
  purls:
  - pkg:pypi/rich?source=hash-mapping
  run_exports: {}
  size: 208577
  timestamp: 1775991661559
- conda: https://conda.anaconda.org/conda-forge/noarch/shellingham-1.5.4-pyhd8ed1ab_2.conda
  sha256: 1d6534df8e7924d9087bd388fbac5bd868c5bf8971c36885f9f016da0657d22b
  md5: 83ea3a2ddb7a75c1b09cea582aa4f106
  depends:
  - python >=3.10
  license: MIT
  license_family: MIT
  purls:
  - pkg:pypi/shellingham?source=hash-mapping
  run_exports: {}
  size: 15018
  timestamp: 1762858315311
- conda: https://conda.anaconda.org/conda-forge/noarch/sniffio-1.3.1-pyhd8ed1ab_2.conda
  sha256: dce518f45e24cd03f401cb0616917773159a210c19d601c5f2d4e0e5879d30ad
  md5: 03fe290994c5e4ec17293cfb6bdce520
  depends:
  - python >=3.10
  license: Apache-2.0
  license_family: Apache
  purls:
  - pkg:pypi/sniffio?source=hash-mapping
  run_exports: {}
  size: 15698
  timestamp: 1762941572482
- conda: https://conda.anaconda.org/conda-forge/noarch/tqdm-4.70.1-pyh6be1c34_0.conda
  sha256: 8221a7b1cf63171db3a81fddd1d9e58502dc65c6938e64901c01815f63fe4210
  md5: 09073bfb6fbb3e1c7d0528b4d91e9508
  depends:
  - python >=3.11
  - colorama
  - __win
  - python
  constrains:
  - envwrap >=0.2
  - ipywidgets >=6.0
  license: MPL-2.0 and MIT
  purls:
  - pkg:pypi/tqdm?source=compressed-mapping
  run_exports: {}
  size: 95465
  timestamp: 1789187329737
- conda: https://conda.anaconda.org/conda-forge/noarch/transformers-5.18.0-pyh5ded981_0.conda
  sha256: 6885afb3ade1e20f290eaea602797715ef5b4003747b33e58bf9e61f463c0ba6
  md5: 659309c1861c5a59548621b2532c50c5
  depends:
  - python >=3.11
  - huggingface_hub >=1.31.0,<3.0
  - numpy >=1.17
  - packaging >=20.0
  - pyyaml >=5.1
  - regex >=2025.10.22
  - tokenizers >=0.23.1,<0.24.0
  - typer
  - safetensors >=0.8.0
  - tqdm >=4.60
  - python
  license: Apache-2.0
  license_family: APACHE
  purls:
  - pkg:pypi/transformers?source=compressed-mapping
  run_exports: {}
  size: 4755916
  timestamp: 1790836845625
- conda: https://conda.anaconda.org/conda-forge/noarch/typer-0.27.2-pyhcf101f3_0.conda
  sha256: 5809840f0ae1330d0cfa785f573ff53fd3725578a01997ca36c7f0e2da1ef4d0
  md5: d076f2370a590b3698399256b9b135e3
  depends:
  - annotated-doc >=0.0.2
  - colorama
  - python >=3.10
  - rich >=13.8.0
  - shellingham >=1.3.0
  - python
  license: MIT AND BSD-3-Clause
  purls:
  - pkg:pypi/typer?source=compressed-mapping
  run_exports: {}
  size: 188056
  timestamp: 1787921102267
- conda: https://conda.anaconda.org/conda-forge/noarch/typing_extensions-4.16.0-pyhcf101f3_0.conda
  sha256: 2d888f90af0686044882c74193ec80a90ec1943145d94a7b1b048958acda1848
  md5: c70ad746c22219b9700931707482992c
  depends:
  - python >=3.10
  - python
  license: PSF-2.0
  license_family: PSF
  purls:
  - pkg:pypi/typing-extensions?source=hash-mapping
  run_exports: {}
  size: 52631
  timestamp: 1783002732887
- conda: https://conda.anaconda.org/conda-forge/noarch/tzdata-2026c-h151e31d_0.conda
  sha256: b928c30ddcb0e3f544c6eade8352737e6e610e263276b90232db6a578ef899d8
  md5: fcb489df604d100968b737f2cb6076c6
  license: LicenseRef-Public-Domain
  purls: []
  run_exports: {}
  size: 118849
  timestamp: 1784250406640
- conda: https://conda.anaconda.org/conda-forge/win-64/bzip2-1.0.8-h0ad9c76_10.conda
  sha256: 04767466ee9227c9c57ab2c6503e0149177d34111c7418d2f420297acb1eb229
  md5: c3301c058362f340100d91cd8be0393f
  depends:
  - ucrt >=10.0.20348.0
  - vc >=14.3,<15
  - vc14_runtime >=14.44.35208
  license: bzip2-1.0.6
  license_family: BSD
  purls: []
  run_exports:
    weak:
    - bzip2 >=1.0.8,<2.0a0
  size: 55919
  timestamp: 1785906343696
- conda: https://conda.anaconda.org/conda-forge/win-64/hf-xet-1.5.2-py310hfb9af98_2.conda
  noarch: python
  sha256: 881d15b3c74cb2a3c4f8f4fa15ba755b2fb37fb49bf15002896fed9ac358fd91
  md5: b8d4ccb9fe3ea368ebe0bbb7a28ac4ca
  depends:
  - python
  - vc >=14.3,<15
  - vc14_runtime >=14.44.35208
  - ucrt >=10.0.20348.0
  - openssl >=3.5.7,<4.0a0
  - _python_abi3_support 1.*
  - cpython >=3.10
  license: Apache-2.0
  license_family: APACHE
  purls:
  - pkg:pypi/hf-xet?source=hash-mapping
  run_exports: {}
  size: 3496544
  timestamp: 1784665113733
- conda: https://conda.anaconda.org/conda-forge/win-64/icu-78.3-h5112557_2.conda
  sha256: 75c549b55b673e15de8785a8e5dd85bca7eb612eee0ff4dc8d7bdaa15eacbdbb
  md5: e596942e8ee6ee17fdcf1e6a77757a66
  depends:
  - vc >=14.3,<15
  - vc14_runtime >=14.44.35208
  - ucrt >=10.0.20348.0
  license: MIT
  license_family: MIT
  purls: []
  run_exports:
    weak:
    - icu >=78.3,<79.0a0
  size: 16835644
  timestamp: 1784916416303
- conda: https://conda.anaconda.org/conda-forge/win-64/libblas-3.11.0-11_h8455456_mkl.conda
  build_number: 11
  sha256: 51a38b02bacb5a4b546d41aeb0f7921ee85c0ec1009fdcb58635bcad06f2eb1a
  md5: a63c8b08343d276a552c395f495987fa
  depends:
  - mkl >=2026.1.0,<2027.0a0
  constrains:
  - blas 2.311   mkl
  - libcblas   3.11.0   11*_mkl
  - liblapack  3.11.0   11*_mkl
  - liblapacke 3.11.0   11*_mkl
  license: BSD-3-Clause
  license_family: BSD
  purls: []
  run_exports:
    weak:
    - libblas >=3.11.0,<4.0a0
  size: 67059
  timestamp: 1789061341346
- conda: https://conda.anaconda.org/conda-forge/win-64/libcblas-3.11.0-11_h2a3cdd5_mkl.conda
  build_number: 11
  sha256: 9a2d431ead1463a7a96a38bedc901705c325c5bbafd7a2bcc5a198fbfcdea29e
  md5: c9f8a732af97d55997f9ac6d0c02e3f2
  depends:
  - libblas 3.11.0 11_h8455456_mkl
  constrains:
  - blas 2.311   mkl
  - liblapack  3.11.0   11*_mkl
  - liblapacke 3.11.0   11*_mkl
  license: BSD-3-Clause
  license_family: BSD
  purls: []
  run_exports:
    weak:
    - libcblas >=3.11.0,<4.0a0
  size: 67465
  timestamp: 1789061353350
- conda: https://conda.anaconda.org/conda-forge/win-64/libexpat-2.8.5-hac47afa_0.conda
  sha256: 70c73d9fd24ad996f2821d1501adae2ca70984b4e2d8faed76227f348ce86078
  md5: 4969128c45f9e71adbb6a1696679ce7f
  depends:
  - ucrt >=10.0.20348.0
  - vc >=14.3,<15
  - vc14_runtime >=14.44.35208
  constrains:
  - expat 2.8.5.*
  license: MIT
  license_family: MIT
  purls: []
  run_exports: {}
  size: 72107
  timestamp: 1790346254561
- conda: https://conda.anaconda.org/conda-forge/win-64/libffi-3.7.0-h3d046cb_1.conda
  sha256: 613e8077c5cca5df7fe84ade7d5050301bee3c6c4c450ffe61d34a349ab4f11c
  md5: ceb38b0ba900847d8da4289c3c8e5708
  depends:
  - ucrt >=10.0.20348.0
  - vc >=14.3,<15
  - vc14_runtime >=14.44.35208
  license: MIT
  license_family: MIT
  purls: []
  run_exports:
    weak:
    - libffi >=3.7.0,<3.8.0a0
  size: 49992
  timestamp: 1787753517346
- conda: https://conda.anaconda.org/conda-forge/win-64/libhwloc-2.15.0-default_hae90fe0_1001.conda
  sha256: 240368b73a984a1812dab5f7964ed03304950ad97466cd7ee347df9cc707629d
  md5: b679b0f76b152d40294fa4e43cabfd4a
  depends:
  - libwinpthread >=12.0.0.r4.gg4f2fc60ca
  - libxml2
  - libxml2-16 >=2.15.4
  - ucrt >=10.0.20348.0
  - vc >=14.3,<15
  - vc14_runtime >=14.44.35208
  license: BSD-3-Clause
  license_family: BSD
  purls: []
  run_exports:
    weak:
    - libhwloc >=2.15.0,<2.15.1.0a0
  size: 2417452
  timestamp: 1790244291307
- conda: https://conda.anaconda.org/conda-forge/win-64/libiconv-1.18-hc1393d2_3.conda
  sha256: 35e04e3ddac7720fc7c550a1c9f998604299d6a7bd1f3ec9b2825d825061daa2
  md5: a8a2abdf0f901bc4779d9b7be0845921
  depends:
  - ucrt >=10.0.20348.0
  - vc >=14.3,<15
  - vc14_runtime >=14.44.35208
  license: LGPL-2.1-only
  purls: []
  run_exports:
    weak:
    - libiconv >=1.18,<2.0a0
  size: 694899
  timestamp: 1787033851701
- conda: https://conda.anaconda.org/conda-forge/win-64/liblapack-3.11.0-11_hf9ab0e9_mkl.conda
  build_number: 11
  sha256: 460a2b9896bbee9a3cdfef26d1fdce056028291eef104564082de9e9f566bba6
  md5: 79bdf20fd2666b8a3485a6021c935b3a
  depends:
  - libblas 3.11.0 11_h8455456_mkl
  constrains:
  - blas 2.311   mkl
  - libcblas   3.11.0   11*_mkl
  - liblapacke 3.11.0   11*_mkl
  license: BSD-3-Clause
  license_family: BSD
  purls: []
  run_exports:
    weak:
    - liblapack >=3.11.0,<3.12.0a0
  size: 79503
  timestamp: 1789061364082
- conda: https://conda.anaconda.org/conda-forge/win-64/liblzma-5.8.3-hfd05255_1.conda
  sha256: d36c4a1e1f80fd08e18a407e03622ff2f34dfdd022da6488ad19603dea19e6d5
  md5: 880a0c8549479b198af21ba5dc49b109
  depends:
  - ucrt >=10.0.20348.0
  - vc >=14.3,<15
  - vc14_runtime >=14.44.35208
  constrains:
  - xz 5.8.3.*
  license: 0BSD
  purls: []
  run_exports:
    weak:
    - liblzma >=5.8.3,<6.0a0
  size: 105809
  timestamp: 1786348717883
- conda: https://conda.anaconda.org/conda-forge/win-64/libmpdec-4.0.0-hfd05255_2.conda
  sha256: f07e451de3db1836b87f7aedf95c8e65cdb06c0e6105329ba24bb5f7b5c75e2a
  md5: 5ae92fd6614edd024576e14069d7ad4c
  depends:
  - ucrt >=10.0.20348.0
  - vc >=14.3,<15
  - vc14_runtime >=14.44.35208
  license: BSD-2-Clause
  license_family: BSD
  purls: []
  run_exports: {}
  size: 89109
  timestamp: 1786650384519
- conda: https://conda.anaconda.org/conda-forge/win-64/libpython-3.13.15-h4f90d01_103_cp313.conda
  build_number: 103
  sha256: 96478004ff0dbe470b309f3410ba5913cd0bc5f3d09f84e06669f409b0727a28
  md5: 639fa4ff11158b311ad35eb54072602a
  depends:
  - ucrt >=10.0.20348.0
  - vc >=14.3,<15
  - vc14_runtime >=14.44.35208
  license: Python-2.0
  purls: []
  run_exports: {}
  size: 49593
  timestamp: 1788386070017
- conda: https://conda.anaconda.org/conda-forge/win-64/libsqlite-3.53.4-hf5d6505_1.conda
  sha256: 0a45d7c0f20146fff787a106f8fa187872e309c70975ff8f0936e188914c26ad
  md5: a72d495965b144bb7da033642d389047
  depends:
  - ucrt >=10.0.20348.0
  - vc >=14.3,<15
  - vc14_runtime >=14.44.35208
  license: blessing
  purls: []
  run_exports:
    weak:
    - libsqlite >=3.53.4,<4.0a0
  size: 1314919
  timestamp: 1787051140039
- conda: https://conda.anaconda.org/conda-forge/win-64/libwinpthread-12.0.0.r4.gg4f2fc60ca-h57928b3_10.conda
  sha256: 0fccf2d17026255b6e10ace1f191d0a2a18f2d65088fd02430be17c701f8ffe0
  md5: 8a86073cf3b343b87d03f41790d8b4e5
  depends:
  - ucrt
  constrains:
  - pthreads-win32 <0.0a0
  - msys2-conda-epoch <0.0a0
  license: MIT AND BSD-3-Clause-Clear
  purls: []
  run_exports: {}
  size: 36621
  timestamp: 1759768399557
- conda: https://conda.anaconda.org/conda-forge/win-64/libxml2-16-2.15.4-h3cfd58e_0.conda
  sha256: 9fa71cec30425c9cc8eda6af3574af1faf4fefa5e239c9e037b1f778ef3ce8ac
  md5: bab5489f4bd38494ffaa83d6ab924c1f
  depends:
  - icu >=78.3,<79.0a0
  - libiconv >=1.18,<2.0a0
  - liblzma >=5.8.3,<6.0a0
  - libzlib >=1.3.2,<2.0a0
  - ucrt >=10.0.20348.0
  - vc >=14.3,<15
  - vc14_runtime >=14.44.35208
  constrains:
  - libxml2 2.15.4
  license: MIT
  license_family: MIT
  purls: []
  run_exports: {}
  size: 515800
  timestamp: 1788635268845
- conda: https://conda.anaconda.org/conda-forge/win-64/libxml2-2.15.4-he095d88_0.conda
  sha256: a19bb3821830f6b1281e782844d5dd265f796dfed2e4812b16c9995a8c778c88
  md5: 3ce54d0f8f24dfab99d82414411640aa
  depends:
  - icu >=78.3,<79.0a0
  - libiconv >=1.18,<2.0a0
  - liblzma >=5.8.3,<6.0a0
  - libxml2-16 2.15.4 h3cfd58e_0
  - libzlib >=1.3.2,<2.0a0
  - ucrt >=10.0.20348.0
  - vc >=14.3,<15
  - vc14_runtime >=14.44.35208
  license: MIT
  license_family: MIT
  purls: []
  run_exports:
    weak:
    - libxml2
    - libxml2-16 >=2.15.4
  size: 43845
  timestamp: 1788635276599
- conda: https://conda.anaconda.org/conda-forge/win-64/libzlib-1.3.2-hfd05255_3.conda
  sha256: 0629c2cc0404d3bb29d6baa7b4ba62da80797015e86de050db81ea5a07050527
  md5: 5d2ff29d465097458cc3ff6569151991
  depends:
  - ucrt >=10.0.20348.0
  - vc >=14.3,<15
  - vc14_runtime >=14.44.35208
  constrains:
  - zlib 1.3.2 *_3
  license: Zlib
  license_family: Other
  purls: []
  run_exports:
    weak:
    - libzlib >=1.3.2,<2.0a0
  size: 58529
  timestamp: 1785276664143
- conda: https://conda.anaconda.org/conda-forge/win-64/llvm-openmp-23.1.2-h49e36cd_0.conda
  sha256: 8b462c021d6bf3f956749d305bd3f52deb82ae2901047c0c7061a21c3550e48f
  md5: 4b07614a10496df13cb3e35d249caf3c
  depends:
  - ucrt >=10.0.20348.0
  - vc >=14.3,<15
  - vc14_runtime >=14.44.35208
  constrains:
  - intel-openmp <0.0a0
  - openmp 23.1.2|23.1.2.*
  license: Apache-2.0 WITH LLVM-exception
  license_family: APACHE
  purls: []
  run_exports:
    strong:
    - llvm-openmp >=23.1.2
  size: 343460
  timestamp: 1790195831140
- conda: https://conda.anaconda.org/conda-forge/win-64/mkl-2026.1.0-hac47afa_235.conda
  sha256: bb8abe071f73765446df62924031e6599577e8ac9003264dc4569e78c0fea16d
  md5: ace316c48c178d7faa403dee51e30c7b
  depends:
  - llvm-openmp >=22.1.8
  - tbb >=2023.0.0
  - ucrt >=10.0.20348.0
  - vc >=14.3,<15
  - vc14_runtime >=14.44.35208
  license: LicenseRef-IntelSimplifiedSoftwareOct2022
  license_family: Proprietary
  purls: []
  run_exports: {}
  size: 114686732
  timestamp: 1787725739779
- conda: https://conda.anaconda.org/conda-forge/win-64/numpy-2.5.3-py313ha8dc839_0.conda
  sha256: b5a6f0c7c712acd17c628ea29fba8842bad611249590a44c2d6a2668d9e9d8e2
  md5: 7c54c78cae1e97d9ae7f129c49efec09
  depends:
  - python
  - vc >=14.3,<15
  - vc14_runtime >=14.44.35208
  - ucrt >=10.0.20348.0
  - liblapack >=3.9.0,<4.0a0
  - libcblas >=3.9.0,<4.0a0
  - libblas >=3.9.0,<4.0a0
  - python_abi 3.13.* *_cp313
  constrains:
  - numpy-base <0a0
  license: BSD-3-Clause
  license_family: BSD
  purls:
  - pkg:pypi/numpy?source=compressed-mapping
  run_exports:
    weak:
    - numpy >=1.25,<3
  size: 7453276
  timestamp: 1788731982683
- conda: https://conda.anaconda.org/conda-forge/win-64/openssl-3.6.4-hf411b9b_0.conda
  sha256: 9dddb559ba49744d5d94092d8d13cb0567f5c3b3f439f3acf28433d1f4256acc
  md5: 73cb1783f47c452be4c309430fbef89f
  depends:
  - ca-certificates
  - ucrt >=10.0.20348.0
  - vc >=14.3,<15
  - vc14_runtime >=14.44.35208
  license: Apache-2.0
  license_family: Apache
  purls: []
  run_exports:
    weak:
    - openssl >=3.6.4,<4.0a0
  size: 9474879
  timestamp: 1787699876495
- conda: https://conda.anaconda.org/conda-forge/win-64/pyrefly-1.3.2-h18a1a76_0.conda
  sha256: 1ac71e3b32d35c1d476c18e418b3e1486fbccc38951cba4318e8e06f8b5e7b97
  md5: 90ca25a5a9431f39e6b3812c5d59ae43
  depends:
  - vc >=14.3,<15
  - vc14_runtime >=14.44.35208
  - ucrt >=10.0.20348.0
  license: MIT
  license_family: MIT
  purls: []
  run_exports: {}
  size: 13093832
  timestamp: 1790668697906
- conda: https://conda.anaconda.org/conda-forge/win-64/python-3.13.15-h254dcb4_103_cp313.conda
  build_number: 103
  sha256: 097e081574bf96282082915f78a83480361285137370c8cc35e2c51d693a0690
  md5: 2d8102b111d57538db189c62ce291922
  depends:
  - bzip2 >=1.0.8,<2.0a0
  - libexpat >=2.8.1,<3.0a0
  - libffi >=3.7.0,<3.8.0a0
  - liblzma >=5.8.3,<6.0a0
  - libmpdec >=4.0.0,<5.0a0
  - libpython 3.13.15 h4f90d01_103_cp313
  - libsqlite >=3.53.4,<4.0a0
  - libzlib >=1.3.2,<2.0a0
  - openssl >=3.5.8,<4.0a0
  - python_abi 3.13.* *_cp313
  - tk >=8.6.13,<8.7.0a0
  - tzdata
  - ucrt >=10.0.20348.0
  - vc >=14.3,<15
  - vc14_runtime >=14.44.35208
  license: Python-2.0
  purls: []
  run_exports:
    weak:
    - python_abi 3.13.* *_cp313
    noarch:
    - python
  size: 16499711
  timestamp: 1788386151784
  python_site_packages_path: Lib/site-packages
- conda: https://conda.anaconda.org/conda-forge/win-64/pyyaml-6.0.3-py313hd650c13_1.conda
  sha256: dfaed50de8ee72a51096163b87631921688851001e38c78a841eba1ae8b35889
  md5: c1bdb8dd255c79fb9c428ad25cc6ee54
  depends:
  - python >=3.13,<3.14.0a0
  - python_abi 3.13.* *_cp313
  - ucrt >=10.0.20348.0
  - vc >=14.3,<15
  - vc14_runtime >=14.44.35208
  - yaml >=0.2.5,<0.3.0a0
  license: MIT
  license_family: MIT
  purls:
  - pkg:pypi/pyyaml?source=hash-mapping
  run_exports: {}
  size: 180992
  timestamp: 1770223457761
- conda: https://conda.anaconda.org/conda-forge/win-64/regex-2026.9.29-py313h5ea7bf4_0.conda
  sha256: 767b423de1065a235ca924dbcd5f74ea6767d79b20d2038b79e295920b5076eb
  md5: a422efe26b8f3dc16dd7d1d5fa42386f
  depends:
  - python >=3.13,<3.14.0a0
  - python_abi 3.13.* *_cp313
  - ucrt >=10.0.20348.0
  - vc >=14.3,<15
  - vc14_runtime >=14.44.35208
  license: Apache-2.0 AND CNRI-Python
  license_family: PSF
  purls:
  - pkg:pypi/regex?source=compressed-mapping
  run_exports: {}
  size: 379905
  timestamp: 1790655890507
- conda: https://conda.anaconda.org/conda-forge/win-64/ruff-0.16.10-h808fad9_0.conda
  noarch: python
  sha256: e799af862ac154c34775e5f62de805ea605cc684bf926ce84e481dfdf0b795cc
  md5: 15630e9d8178646a55e184cc40c6548e
  depends:
  - python
  - vc >=14.3,<15
  - vc14_runtime >=14.44.35208
  - ucrt >=10.0.20348.0
  license: MIT
  license_family: MIT
  purls:
  - pkg:pypi/ruff?source=compressed-mapping
  run_exports: {}
  size: 9291796
  timestamp: 1790964544005
- conda: https://conda.anaconda.org/conda-forge/win-64/safetensors-0.8.0-py313hfbe8231_1.conda
  sha256: 2a208a66a6d8cf44e856c578e028995a93e2056972fa00e22c8496170e2d8243
  md5: 0c6490797062c0cad08b28deb8b202a6
  depends:
  - python
  - vc >=14.3,<15
  - vc14_runtime >=14.44.35208
  - ucrt >=10.0.20348.0
  - python_abi 3.13.* *_cp313
  license: Apache-2.0
  license_family: APACHE
  purls:
  - pkg:pypi/safetensors?source=hash-mapping
  run_exports: {}
  size: 359020
  timestamp: 1788583389843
- conda: https://conda.anaconda.org/conda-forge/win-64/tbb-2023.1.0-h272cf33_2.conda
  sha256: 65f5a52eb5250ca0d627e6958e703583dca008988695284fc2181b3a0a790efd
  md5: 83371bd3f796b3c2d3f0436692d3ea73
  depends:
  - libhwloc >=2.15.0,<2.15.1.0a0
  - ucrt >=10.0.20348.0
  - vc >=14.3,<15
  - vc14_runtime >=14.44.35208
  license: Apache-2.0
  license_family: APACHE
  purls: []
  run_exports: {}
  size: 157572
  timestamp: 1790591966816
- conda: https://conda.anaconda.org/conda-forge/win-64/tk-8.6.13-h967ab96_4.conda
  sha256: f19618a3a82cc483dacf1c70a30367ee7b0c7e71b90f1f80e14feff44fbd3688
  md5: dd9eb33c99d352b6356f86964d6040f7
  depends:
  - vc >=14.3,<15
  - vc14_runtime >=14.44.35208
  - ucrt >=10.0.20348.0
  license: TCL
  purls: []
  run_exports:
    weak:
    - tk >=8.6.13,<8.7.0a0
  size: 3782376
  timestamp: 1787272860855
- conda: https://conda.anaconda.org/conda-forge/win-64/tokenizers-0.23.1-py313h034fbed_0.conda
  sha256: 47f90104da97363de746ffaf6893a033b1cc4756258e9c26ad6002dedb004416
  md5: 3f05f3042f88e1bf6b60b6c1ab58eb7e
  depends:
  - huggingface_hub >=0.16.4,<2.0
  - python >=3.13,<3.14.0a0
  - python_abi 3.13.* *_cp313
  - ucrt >=10.0.20348.0
  - vc >=14.3,<15
  - vc14_runtime >=14.44.35208
  license: Apache-2.0
  license_family: APACHE
  purls:
  - pkg:pypi/tokenizers?source=hash-mapping
  run_exports: {}
  size: 2088054
  timestamp: 1782755808781
- conda: https://conda.anaconda.org/conda-forge/win-64/ucrt-10.0.26100.0-h57928b3_0.conda
  sha256: 3005729dce6f3d3f5ec91dfc49fc75a0095f9cd23bab49efb899657297ac91a5
  md5: 71b24316859acd00bdb8b38f5e2ce328
  constrains:
  - vc14_runtime >=14.29.30037
  - vs2015_runtime >=14.29.30037
  license: LicenseRef-MicrosoftWindowsSDK10
  purls: []
  run_exports: {}
  size: 694692
  timestamp: 1756385147981
- conda: https://conda.anaconda.org/conda-forge/win-64/vc-14.5-ha367084_41.conda
  sha256: 35444c55a92e2f7f7ba26bc70f81e56e52344f7d064c0fd4b40a46a58517b79c
  md5: aa805b5522c2a98fa286e551a1f48546
  depends:
  - vc14_runtime >=14.51.36247
  track_features:
  - vc14
  license: BSD-3-Clause
  license_family: BSD
  purls: []
  run_exports: {}
  size: 21383
  timestamp: 1785359368566
- conda: https://conda.anaconda.org/conda-forge/win-64/vc14_runtime-14.51.36247-habf1de7_41.conda
  sha256: 4e4cb599cdc41bf2109d1464c127b5bcbddf548ce3e322e612afb691338b48f8
  md5: ac5333bb3d429361f23adf704cc49a78
  depends:
  - ucrt >=10.0.20348.0
  - vcomp14 14.51.36247 habf1de7_41
  constrains:
  - vs2015_runtime 14.51.36247.* *_41
  license: LicenseRef-MicrosoftVisualCpp2015-2022Runtime
  license_family: Proprietary
  purls: []
  run_exports: {}
  size: 767955
  timestamp: 1785359364369
- conda: https://conda.anaconda.org/conda-forge/win-64/vcomp14-14.51.36247-habf1de7_41.conda
  sha256: 731e043390c9457299484d39e427221fc868a9249540a498a5a4f6456c7744d1
  md5: 350bb67a5c8e5f1c53347ac544ab6600
  depends:
  - ucrt >=10.0.20348.0
  constrains:
  - vs2015_runtime 14.51.36247.* *_41
  license: LicenseRef-MicrosoftVisualCpp2015-2022Runtime
  license_family: Proprietary
  purls: []
  run_exports:
    strong:
    - vcomp14 >=14.51.36247
  size: 155910
  timestamp: 1785359349999
- conda: https://conda.anaconda.org/conda-forge/win-64/yaml-0.2.5-h6a83c73_3.conda
  sha256: 80ee68c1e7683a35295232ea79bcc87279d31ffeda04a1665efdb43cbd50a309
  md5: 433699cba6602098ae8957a323da2664
  depends:
  - vc >=14.3,<15
  - vc14_runtime >=14.44.35208
  - ucrt >=10.0.20348.0
  - vc >=14.3,<15
  - vc14_runtime >=14.44.35208
  - ucrt >=10.0.20348.0
  license: MIT
  license_family: MIT
  purls: []
  run_exports:
    weak:
    - yaml >=0.2.5,<0.3.0a0
  size: 63944
  timestamp: 1753484092156
- pypi: .
  name: looped-transformer
  requires_dist:
  - torch
  requires_python: '>=3.12'
- pypi: https://download-r2.pytorch.org/whl/cu126/torch-2.14.1%2Bcu126-cp313-cp313-win_amd64.whl
  name: torch
  version: 2.14.1+cu126
  sha256: 92d0ae66f10ae9dfaaf85d684d6794a3d6ca4ed938dcfaa25e94c54cff3764eb
  index: https://download.pytorch.org/whl/cu126
  requires_dist:
  - filelock
  - typing-extensions>=4.10.0
  - setuptools>=77.0.3
  - sympy>=1.13.3
  - networkx>=2.5.1
  - jinja2
  - fsspec>=0.8.5
  - optree>=0.13.0 ; extra == 'optree'
  - opt-einsum>=3.3 ; extra == 'opt-einsum'
  - pyyaml ; extra == 'pyyaml'
  requires_python: '>=3.10'
- pypi: https://files.pythonhosted.org/packages/05/73/c4abe620b841b6b791f2edc248f556900667a5a1cf023a6646967ae98335/markupsafe-3.0.3-cp313-cp313-win_amd64.whl
  name: markupsafe
  version: 3.0.3
  sha256: 9a1abfdc021a164803f4d485104931fb8f8c1efd55bc6b748d2f5774e78b62c5
  requires_python: '>=3.9'
- pypi: https://files.pythonhosted.org/packages/43/e3/7d92a15f894aa0c9c4b49b8ee9ac9850d6e63b03c9c32c0367a13ae62209/mpmath-1.3.0-py3-none-any.whl
  name: mpmath
  version: 1.3.0
  sha256: a0b2b9fe80bbcd81a6647ff13108738cfb482d481d826cc0e02f5b35e5c88d2c
  requires_dist:
  - pytest>=4.6 ; extra == 'develop'
  - pycodestyle ; extra == 'develop'
  - pytest-cov ; extra == 'develop'
  - codecov ; extra == 'develop'
  - wheel ; extra == 'develop'
  - sphinx ; extra == 'docs'
  - gmpy2>=2.1.0a4 ; platform_python_implementation != 'PyPy' and extra == 'gmpy'
  - pytest>=4.6 ; extra == 'tests'
- pypi: https://files.pythonhosted.org/packages/62/a1/3d680cbfd5f4b8f15abc1d571870c5fc3e594bb582bc3b64ea099db13e56/jinja2-3.1.6-py3-none-any.whl
  name: jinja2
  version: 3.1.6
  sha256: 85ece4451f492d0c13c5dd7c13a64681a86afae63a5f347908daf103ce6d2f67
  requires_dist:
  - markupsafe>=2.0
  - babel>=2.7 ; extra == 'i18n'
  requires_python: '>=3.7'
- pypi: https://files.pythonhosted.org/packages/7e/cd/fe58041e9011f307c490e3e17dd48cc516448f7c698a3f2d9d9d65d7e6a8/networkx-3.7-py3-none-any.whl
  name: networkx
  version: '3.7'
  sha256: e3fd2c13a7814cee3746340d8d7f8598a67f16a58bf47fb7f8793fab6efca1b0
  requires_dist:
  - asv>=0.6.5 ; extra == 'benchmarking'
  - py-rattler>=0.21,<0.22 ; extra == 'benchmarking'
  - virtualenv ; extra == 'benchmarking'
  - numpy>=2.2 ; extra == 'default'
  - scipy>=1.15 ; extra == 'default'
  - matplotlib>=3.10 ; extra == 'default'
  - pandas>=2.3 ; extra == 'default'
  - pre-commit>=4.1 ; extra == 'developer'
  - mypy>=1.15 ; extra == 'developer'
  - sphinx>=8.0 ; extra == 'doc'
  - pydata-sphinx-theme>=0.16 ; extra == 'doc'
  - sphinx-gallery>=0.18 ; extra == 'doc'
  - numpydoc>=1.8.0 ; extra == 'doc'
  - pillow>=10 ; extra == 'doc'
  - texext>=0.6.7 ; extra == 'doc'
  - myst-nb>=1.1 ; extra == 'doc'
  - intersphinx-registry ; extra == 'doc'
  - osmnx>=2.0.0 ; extra == 'example'
  - momepy>=0.7.2 ; extra == 'example'
  - contextily>=1.6 ; extra == 'example'
  - seaborn>=0.13 ; extra == 'example'
  - cairocffi>=1.7 ; extra == 'example'
  - igraph>=0.11 ; extra == 'example'
  - scikit-learn>=1.6 ; extra == 'example'
  - iplotx>=0.9.0 ; extra == 'example'
  - hiveplotlib>=0.28 ; extra == 'example'
  - lxml>=4.6 ; extra == 'extra'
  - pygraphviz>=2.0 ; extra == 'extra'
  - pydot>=3.0.1 ; extra == 'extra'
  - sympy>=1.10 ; extra == 'extra'
  - build>=0.10 ; extra == 'release'
  - twine>=4.0 ; extra == 'release'
  - wheel>=0.40 ; extra == 'release'
  - changelist==0.5 ; extra == 'release'
  - pytest>=7.2 ; extra == 'test'
  - pytest-cov>=4.0 ; extra == 'test'
  - pytest-xdist>=3.0 ; extra == 'test'
  - pytest-mpl ; extra == 'test-extras'
  - pytest-randomly ; extra == 'test-extras'
  requires_python: '>=3.12,!=3.14.1'
- pypi: https://files.pythonhosted.org/packages/95/9c/c510029fc6ef33a6275cd2c5d3cecd6613dfd6aa401d57c54f1c18852ccf/setuptools-84.0.0-py3-none-any.whl
  name: setuptools
  version: 84.0.0
  sha256: 51a52592b3b99e102b609654876bd65f19f999935166d1352678931132b0c670
  requires_dist:
  - pytest>=6,!=8.1.* ; extra == 'test'
  - virtualenv>=13.0.0 ; extra == 'test'
  - wheel>=0.44.0 ; extra == 'test'
  - pip>=19.1 ; extra == 'test'
  - packaging>=24.2 ; extra == 'test'
  - jaraco-envs>=2.2 ; extra == 'test'
  - pytest-xdist>=3 ; extra == 'test'
  - jaraco-path>=3.7.2 ; extra == 'test'
  - build[virtualenv]>=1.0.3 ; extra == 'test'
  - filelock>=3.4.0 ; extra == 'test'
  - ini2toml[lite]>=0.14 ; extra == 'test'
  - tomli-w>=1.0.0 ; extra == 'test'
  - pytest-timeout ; extra == 'test'
  - pytest-perf ; sys_platform != 'cygwin' and extra == 'test'
  - jaraco-develop>=7.21 ; python_full_version >= '3.9' and sys_platform != 'cygwin' and extra == 'test'
  - pytest-home>=0.5 ; extra == 'test'
  - pytest-subprocess ; extra == 'test'
  - pyproject-hooks!=1.1 ; extra == 'test'
  - jaraco-test>=5.5 ; extra == 'test'
  - sphinx>=3.5 ; extra == 'doc'
  - jaraco-packaging>=9.3 ; extra == 'doc'
  - rst-linker>=1.9 ; extra == 'doc'
  - furo ; extra == 'doc'
  - sphinx-lint ; extra == 'doc'
  - jaraco-tidelift>=1.4 ; extra == 'doc'
  - pygments-github-lexers==0.0.5 ; extra == 'doc'
  - sphinx-favicon ; extra == 'doc'
  - sphinx-inline-tabs ; extra == 'doc'
  - sphinx-reredirects ; extra == 'doc'
  - sphinxcontrib-towncrier ; extra == 'doc'
  - sphinx-notfound-page>=1,<2 ; extra == 'doc'
  - pyproject-hooks!=1.1 ; extra == 'doc'
  - towncrier<24.7 ; extra == 'doc'
  - packaging>=24.2 ; extra == 'core'
  - more-itertools>=8.8 ; extra == 'core'
  - jaraco-text>=3.7 ; extra == 'core'
  - importlib-metadata>=6 ; python_full_version < '3.10' and extra == 'core'
  - tomli>=2.0.1 ; python_full_version < '3.11' and extra == 'core'
  - wheel>=0.43.0 ; extra == 'core'
  - jaraco-functools>=4 ; extra == 'core'
  - more-itertools ; extra == 'core'
  - pytest-checkdocs>=2.14 ; extra == 'check'
  - pytest-ruff>=0.2.1 ; sys_platform != 'cygwin' and extra == 'check'
  - ruff>=0.13.0 ; sys_platform != 'cygwin' and extra == 'check'
  - pytest-cov ; extra == 'cover'
  - pytest-enabler>=3.4 ; extra == 'enabler'
  - pytest-mypy>=1.0.1 ; platform_python_implementation != 'PyPy' and extra == 'type'
  - mypy==1.18.* ; extra == 'type'
  - importlib-metadata>=7.0.2 ; python_full_version < '3.10' and extra == 'type'
  - jaraco-develop>=7.21 ; sys_platform != 'cygwin' and extra == 'type'
  requires_python: '>=3.10'
- pypi: https://files.pythonhosted.org/packages/a2/09/77d55d46fd61b4a135c444fc97158ef34a095e5681d0a6c10b75bf356191/sympy-1.14.0-py3-none-any.whl
  name: sympy
  version: 1.14.0
  sha256: e091cc3e99d2141a0ba2847328f5479b05d94a6635cb96148ccb3f34671bd8f5
  requires_dist:
  - mpmath>=1.1.0,<1.4
  - pytest>=7.1.0 ; extra == 'dev'
  - hypothesis>=6.70.0 ; extra == 'dev'
  requires_python: '>=3.9'
